// !$*UTF8*$!
{
	archiveVersion = 1;
	classes = {
	};
	objectVersion = 77;
	objects = {

/* Begin PBXBuildFile section */
		04541042F412C7116BC2F981 /* SessionCore in Frameworks */ = {isa = PBXBuildFile; productRef = 1B5CAD7542000F8E9352D199 /* SessionCore */; };
		04A8EBB7C796280380798B59 /* NSEvent+Ghostty.swift in Sources */ = {isa = PBXBuildFile; fileRef = F91C8E0BEB275F8650373472 /* NSEvent+Ghostty.swift */; };
		088804B6B7809B7574993ABE /* main.swift in Sources */ = {isa = PBXBuildFile; fileRef = 23F2DE025A511DFC3351B11E /* main.swift */; };
		21C5190A2C7AB642B60327D9 /* SmoovAppCommands in Frameworks */ = {isa = PBXBuildFile; productRef = A2192B250ECC3800246E5450 /* SmoovAppCommands */; };
		31492ADA5B4EE0EA429B3DFF /* GhosttyConfigColors.swift in Sources */ = {isa = PBXBuildFile; fileRef = 0529FF91B247CF34935A59B6 /* GhosttyConfigColors.swift */; };
		36BB1F6735B52CD6F46356D8 /* WorkspaceStateStore.swift in Sources */ = {isa = PBXBuildFile; fileRef = 2300D8C52B9B6CF4FBBAF2B3 /* WorkspaceStateStore.swift */; };
		44412CC9749D7FDD28A8EB40 /* PaneLauncher in Frameworks */ = {isa = PBXBuildFile; productRef = 526523EBF3DF01E3C2284662 /* PaneLauncher */; };
		4798649405F880A07E6FCF35 /* WorkspaceTabs in Frameworks */ = {isa = PBXBuildFile; productRef = C148F9B0BDE089FA4EA495BC /* WorkspaceTabs */; };
		4BB46980230B71A09302305D /* Carbon.framework in Frameworks */ = {isa = PBXBuildFile; fileRef = 26B555E1A92393E1C7D3FEDE /* Carbon.framework */; };
		4D89F516D62BB4531F0D911F /* MainWindowController.swift in Sources */ = {isa = PBXBuildFile; fileRef = CEFAE5F61A7840DF7F231E72 /* MainWindowController.swift */; };
		53C38D1C088C7DF34D849E95 /* GhosttyApp.swift in Sources */ = {isa = PBXBuildFile; fileRef = E768C10F9BF963CAF5FD8A87 /* GhosttyApp.swift */; };
		59555B820EC2FF2F399A57B4 /* Assets.xcassets in Resources */ = {isa = PBXBuildFile; fileRef = 70F05D4065051D622312AB53 /* Assets.xcassets */; };
		5A3B5EDCD95A29AD63AA679F /* PaneController.swift in Sources */ = {isa = PBXBuildFile; fileRef = C07F05AE7F0D5E97754CA401 /* PaneController.swift */; };
		63573138A6376637B5EE44A0 /* Localizable.xcstrings in Resources */ = {isa = PBXBuildFile; fileRef = 1BB998E91F1E33B1E764BF89 /* Localizable.xcstrings */; };
		67338F2FD0E0CBC63C117140 /* SmoovSurfaceView.swift in Sources */ = {isa = PBXBuildFile; fileRef = D9E9D96E7824555162000FC0 /* SmoovSurfaceView.swift */; };
		7111E8D01CCA53728B108A4B /* WorkspaceTab.swift in Sources */ = {isa = PBXBuildFile; fileRef = 8C3EC08550B2F97E3315A631 /* WorkspaceTab.swift */; };
		762A9CE85581CA9A47E1E2A7 /* WorkspacePanes in Frameworks */ = {isa = PBXBuildFile; productRef = 5D354A3035840860E55054C3 /* WorkspacePanes */; };
		AD51997106A6624DEAD67F35 /* GhosttyKit.xcframework in Frameworks */ = {isa = PBXBuildFile; fileRef = 0480CF2F04AE337376E78B18 /* GhosttyKit.xcframework */; };
		BA88BF35C9243D2305750921 /* TabbedRootView.swift in Sources */ = {isa = PBXBuildFile; fileRef = 7B28811F6C750E579A75303B /* TabbedRootView.swift */; };
		CA970142BB93ACA4411A6166 /* WorkspaceState in Frameworks */ = {isa = PBXBuildFile; productRef = 9340354FEEEACC7329FCCD20 /* WorkspaceState */; };
		D65A196FEE9FE6DD6AC34523 /* SmoovLog in Frameworks */ = {isa = PBXBuildFile; productRef = C67CFDE7E11DB034CD808C94 /* SmoovLog */; };
		DB10669A721421713680BAB6 /* AppDelegate.swift in Sources */ = {isa = PBXBuildFile; fileRef = AB9B644CDC70F26A3A3319F6 /* AppDelegate.swift */; };
/* End PBXBuildFile section */

/* Begin PBXFileReference section */
		0480CF2F04AE337376E78B18 /* GhosttyKit.xcframework */ = {isa = PBXFileReference; lastKnownFileType = wrapper.xcframework; path = GhosttyKit.xcframework; sourceTree = "<group>"; };
		0529FF91B247CF34935A59B6 /* GhosttyConfigColors.swift */ = {isa = PBXFileReference; lastKnownFileType = sourcecode.swift; path = GhosttyConfigColors.swift; sourceTree = "<group>"; };
		1BB998E91F1E33B1E764BF89 /* Localizable.xcstrings */ = {isa = PBXFileReference; lastKnownFileType = text.json.xcstrings; path = Localizable.xcstrings; sourceTree = "<group>"; };
		2300D8C52B9B6CF4FBBAF2B3 /* WorkspaceStateStore.swift */ = {isa = PBXFileReference; lastKnownFileType = sourcecode.swift; path = WorkspaceStateStore.swift; sourceTree = "<group>"; };
		23F2DE025A511DFC3351B11E /* main.swift */ = {isa = PBXFileReference; lastKnownFileType = sourcecode.swift; path = main.swift; sourceTree = "<group>"; };
		26B555E1A92393E1C7D3FEDE /* Carbon.framework */ = {isa = PBXFileReference; lastKnownFileType = wrapper.framework; name = Carbon.framework; path = System/Library/Frameworks/Carbon.framework; sourceTree = SDKROOT; };
		46643F458905F0387368280A /* Info.plist */ = {isa = PBXFileReference; lastKnownFileType = text.plist; path = Info.plist; sourceTree = "<group>"; };
		70F05D4065051D622312AB53 /* Assets.xcassets */ = {isa = PBXFileReference; lastKnownFileType = folder.assetcatalog; path = Assets.xcassets; sourceTree = "<group>"; };
		7B28811F6C750E579A75303B /* TabbedRootView.swift */ = {isa = PBXFileReference; lastKnownFileType = sourcecode.swift; path = TabbedRootView.swift; sourceTree = "<group>"; };
		8C3EC08550B2F97E3315A631 /* WorkspaceTab.swift */ = {isa = PBXFileReference; lastKnownFileType = sourcecode.swift; path = WorkspaceTab.swift; sourceTree = "<group>"; };
		9758DEFEA328AD5E5C57428F /* smoovmux */ = {isa = PBXFileReference; lastKnownFileType = folder; name = smoovmux; path = .; sourceTree = SOURCE_ROOT; };
		AB9B644CDC70F26A3A3319F6 /* AppDelegate.swift */ = {isa = PBXFileReference; lastKnownFileType = sourcecode.swift; path = AppDelegate.swift; sourceTree = "<group>"; };
		C07F05AE7F0D5E97754CA401 /* PaneController.swift */ = {isa = PBXFileReference; lastKnownFileType = sourcecode.swift; path = PaneController.swift; sourceTree = "<group>"; };
		C1F58686A477BFEB5A1650F6 /* smoovmux.entitlements */ = {isa = PBXFileReference; lastKnownFileType = text.plist.entitlements; path = smoovmux.entitlements; sourceTree = "<group>"; };
		CEFAE5F61A7840DF7F231E72 /* MainWindowController.swift */ = {isa = PBXFileReference; lastKnownFileType = sourcecode.swift; path = MainWindowController.swift; sourceTree = "<group>"; };
		D9E9D96E7824555162000FC0 /* SmoovSurfaceView.swift */ = {isa = PBXFileReference; lastKnownFileType = sourcecode.swift; path = SmoovSurfaceView.swift; sourceTree = "<group>"; };
		DC63E64743C627EDCB408ABF /* smoovmux.app */ = {isa = PBXFileReference; explicitFileType = wrapper.application; includeInIndex = 0; path = smoovmux.app; sourceTree = BUILT_PRODUCTS_DIR; };
		E768C10F9BF963CAF5FD8A87 /* GhosttyApp.swift */ = {isa = PBXFileReference; lastKnownFileType = sourcecode.swift; path = GhosttyApp.swift; sourceTree = "<group>"; };
		F91C8E0BEB275F8650373472 /* NSEvent+Ghostty.swift */ = {isa = PBXFileReference; lastKnownFileType = sourcecode.swift; path = "NSEvent+Ghostty.swift"; sourceTree = "<group>"; };
/* End PBXFileReference section */

/* Begin PBXFrameworksBuildPhase section */
		C6A46CB9FDED27EE0744E08B /* Frameworks */ = {
			isa = PBXFrameworksBuildPhase;
			buildActionMask = 2147483647;
			files = (
				04541042F412C7116BC2F981 /* SessionCore in Frameworks */,
				D65A196FEE9FE6DD6AC34523 /* SmoovLog in Frameworks */,
				21C5190A2C7AB642B60327D9 /* SmoovAppCommands in Frameworks */,
				4798649405F880A07E6FCF35 /* WorkspaceTabs in Frameworks */,
				762A9CE85581CA9A47E1E2A7 /* WorkspacePanes in Frameworks */,
				CA970142BB93ACA4411A6166 /* WorkspaceState in Frameworks */,
				44412CC9749D7FDD28A8EB40 /* PaneLauncher in Frameworks */,
				AD51997106A6624DEAD67F35 /* GhosttyKit.xcframework in Frameworks */,
				4BB46980230B71A09302305D /* Carbon.framework in Frameworks */,
			);
			runOnlyForDeploymentPostprocessing = 0;
		};
/* End PBXFrameworksBuildPhase section */

/* Begin PBXGroup section */
		2C53EF9757E593BE1886D7AF = {
			isa = PBXGroup;
			children = (
				39C35CFFEAA852CAB73706CC /* App */,
				614592A606C3589291D162A2 /* Packages */,
				BC36BC9E6F6CE23E33581F9D /* Frameworks */,
				F0B5A17B1ADBC3BF39355679 /* Products */,
			);
			sourceTree = "<group>";
		};
		39C35CFFEAA852CAB73706CC /* App */ = {
			isa = PBXGroup;
			children = (
				AB9B644CDC70F26A3A3319F6 /* AppDelegate.swift */,
				70F05D4065051D622312AB53 /* Assets.xcassets */,
				E768C10F9BF963CAF5FD8A87 /* GhosttyApp.swift */,
				0529FF91B247CF34935A59B6 /* GhosttyConfigColors.swift */,
				46643F458905F0387368280A /* Info.plist */,
				1BB998E91F1E33B1E764BF89 /* Localizable.xcstrings */,
				23F2DE025A511DFC3351B11E /* main.swift */,
				CEFAE5F61A7840DF7F231E72 /* MainWindowController.swift */,
				F91C8E0BEB275F8650373472 /* NSEvent+Ghostty.swift */,
				C07F05AE7F0D5E97754CA401 /* PaneController.swift */,
				C1F58686A477BFEB5A1650F6 /* smoovmux.entitlements */,
				D9E9D96E7824555162000FC0 /* SmoovSurfaceView.swift */,
				7B28811F6C750E579A75303B /* TabbedRootView.swift */,
				2300D8C52B9B6CF4FBBAF2B3 /* WorkspaceStateStore.swift */,
				8C3EC08550B2F97E3315A631 /* WorkspaceTab.swift */,
			);
			path = App;
			sourceTree = "<group>";
		};
		614592A606C3589291D162A2 /* Packages */ = {
			isa = PBXGroup;
			children = (
				9758DEFEA328AD5E5C57428F /* smoovmux */,
			);
			name = Packages;
			sourceTree = "<group>";
		};
		BC36BC9E6F6CE23E33581F9D /* Frameworks */ = {
			isa = PBXGroup;
			children = (
				26B555E1A92393E1C7D3FEDE /* Carbon.framework */,
				0480CF2F04AE337376E78B18 /* GhosttyKit.xcframework */,
			);
			name = Frameworks;
			sourceTree = "<group>";
		};
		F0B5A17B1ADBC3BF39355679 /* Products */ = {
			isa = PBXGroup;
			children = (
				DC63E64743C627EDCB408ABF /* smoovmux.app */,
			);
			name = Products;
			sourceTree = "<group>";
		};
/* End PBXGroup section */

/* Begin PBXNativeTarget section */
		22C886BEE57EF7583B7C997F /* smoovmux */ = {
			isa = PBXNativeTarget;
			buildConfigurationList = C476F8A285A64E36AB42C5B5 /* Build configuration list for PBXNativeTarget "smoovmux" */;
			buildPhases = (
				6EBFA17F46021DE654015CEE /* Sources */,
				F2BDE8C39BB7E78AA860F50B /* Resources */,
				C6A46CB9FDED27EE0744E08B /* Frameworks */,
				B91C47DFEA24C51FA1EF64A0 /* Embed Ghostty Resources */,
			);
			buildRules = (
			);
			dependencies = (
			);
			name = smoovmux;
			packageProductDependencies = (
				1B5CAD7542000F8E9352D199 /* SessionCore */,
				C67CFDE7E11DB034CD808C94 /* SmoovLog */,
				A2192B250ECC3800246E5450 /* SmoovAppCommands */,
				C148F9B0BDE089FA4EA495BC /* WorkspaceTabs */,
				5D354A3035840860E55054C3 /* WorkspacePanes */,
				9340354FEEEACC7329FCCD20 /* WorkspaceState */,
				526523EBF3DF01E3C2284662 /* PaneLauncher */,
			);
			productName = smoovmux;
			productReference = DC63E64743C627EDCB408ABF /* smoovmux.app */;
			productType = "com.apple.product-type.application";
		};
/* End PBXNativeTarget section */

/* Begin PBXProject section */
		6DB4F95B5133EFA021116D7B /* Project object */ = {
			isa = PBXProject;
			attributes = {
				BuildIndependentTargetsInParallel = YES;
				LastUpgradeCheck = 1430;
				TargetAttributes = {
					22C886BEE57EF7583B7C997F = {
						ProvisioningStyle = Automatic;
					};
				};
			};
			buildConfigurationList = 8DC0DD1E2B73B25756E89695 /* Build configuration list for PBXProject "smoovmux" */;
			compatibilityVersion = "Xcode 14.0";
			developmentRegion = en;
			hasScannedForEncodings = 0;
			knownRegions = (
				Base,
				en,
			);
			mainGroup = 2C53EF9757E593BE1886D7AF;
			minimizedProjectReferenceProxies = 1;
			packageReferences = (
				1DB68EFA7DD16986347FE48A /* XCLocalSwiftPackageReference "." */,
			);
			preferredProjectObjectVersion = 77;
			projectDirPath = "";
			projectRoot = "";
			targets = (
				22C886BEE57EF7583B7C997F /* smoovmux */,
			);
		};
/* End PBXProject section */

/* Begin PBXResourcesBuildPhase section */
		F2BDE8C39BB7E78AA860F50B /* Resources */ = {
			isa = PBXResourcesBuildPhase;
			buildActionMask = 2147483647;
			files = (
				59555B820EC2FF2F399A57B4 /* Assets.xcassets in Resources */,
				63573138A6376637B5EE44A0 /* Localizable.xcstrings in Resources */,
			);
			runOnlyForDeploymentPostprocessing = 0;
		};
/* End PBXResourcesBuildPhase section */

/* Begin PBXShellScriptBuildPhase section */
		B91C47DFEA24C51FA1EF64A0 /* Embed Ghostty Resources */ = {
			isa = PBXShellScriptBuildPhase;
			buildActionMask = 2147483647;
			files = (
			);
			inputFileListPaths = (
			);
			inputPaths = (
				"$(SRCROOT)/ghostty/zig-out/share/terminfo/78/xterm-ghostty",
			);
			name = "Embed Ghostty Resources";
			outputFileListPaths = (
			);
			outputPaths = (
				"$(TARGET_BUILD_DIR)/$(WRAPPER_NAME)/Contents/Resources/terminfo/78/xterm-ghostty",
			);
			runOnlyForDeploymentPostprocessing = 0;
			shellPath = /bin/sh;
			shellScript = "set -euo pipefail\nSRC_SHARE=\"${SRCROOT}/ghostty/zig-out/share\"\nDEST_RESOURCES=\"${TARGET_BUILD_DIR}/${WRAPPER_NAME}/Contents/Resources\"\n\nif [ ! -d \"$SRC_SHARE/terminfo\" ] || [ ! -d \"$SRC_SHARE/ghostty\" ]; then\n  echo \"error: Ghostty resources missing under $SRC_SHARE\" >&2\n  echo \"run ./scripts/setup.sh to rebuild GhosttyKit.xcframework and resources\" >&2\n  exit 1\nfi\n\nrm -rf \"$DEST_RESOURCES/terminfo\" \"$DEST_RESOURCES/ghostty\"\nditto \"$SRC_SHARE/terminfo\" \"$DEST_RESOURCES/terminfo\"\nditto \"$SRC_SHARE/ghostty\" \"$DEST_RESOURCES/ghostty\"\n";
		};
/* End PBXShellScriptBuildPhase section */

/* Begin PBXSourcesBuildPhase section */
		6EBFA17F46021DE654015CEE /* Sources */ = {
			isa = PBXSourcesBuildPhase;
			buildActionMask = 2147483647;
			files = (
				DB10669A721421713680BAB6 /* AppDelegate.swift in Sources */,
				53C38D1C088C7DF34D849E95 /* GhosttyApp.swift in Sources */,
				31492ADA5B4EE0EA429B3DFF /* GhosttyConfigColors.swift in Sources */,
				4D89F516D62BB4531F0D911F /* MainWindowController.swift in Sources */,
				04A8EBB7C796280380798B59 /* NSEvent+Ghostty.swift in Sources */,
				5A3B5EDCD95A29AD63AA679F /* PaneController.swift in Sources */,
				67338F2FD0E0CBC63C117140 /* SmoovSurfaceView.swift in Sources */,
				BA88BF35C9243D2305750921 /* TabbedRootView.swift in Sources */,
				36BB1F6735B52CD6F46356D8 /* WorkspaceStateStore.swift in Sources */,
				7111E8D01CCA53728B108A4B /* WorkspaceTab.swift in Sources */,
				088804B6B7809B7574993ABE /* main.swift in Sources */,
			);
			runOnlyForDeploymentPostprocessing = 0;
		};
/* End PBXSourcesBuildPhase section */

/* Begin XCBuildConfiguration section */
		17D3C3E69F2B2AC453E1E6E7 /* Debug */ = {
			isa = XCBuildConfiguration;
			buildSettings = {
				ALWAYS_SEARCH_USER_PATHS = NO;
				CLANG_ANALYZER_NONNULL = YES;
				CLANG_ANALYZER_NUMBER_OBJECT_CONVERSION = YES_AGGRESSIVE;
				CLANG_CXX_LANGUAGE_STANDARD = "gnu++14";
				CLANG_CXX_LIBRARY = "libc++";
				CLANG_ENABLE_MODULES = YES;
				CLANG_ENABLE_OBJC_ARC = YES;
				CLANG_ENABLE_OBJC_WEAK = YES;
				CLANG_WARN_BLOCK_CAPTURE_AUTORELEASING = YES;
				CLANG_WARN_BOOL_CONVERSION = YES;
				CLANG_WARN_COMMA = YES;
				CLANG_WARN_CONSTANT_CONVERSION = YES;
				CLANG_WARN_DEPRECATED_OBJC_IMPLEMENTATIONS = YES;
				CLANG_WARN_DIRECT_OBJC_ISA_USAGE = YES_ERROR;
				CLANG_WARN_DOCUMENTATION_COMMENTS = YES;
				CLANG_WARN_EMPTY_BODY = YES;
				CLANG_WARN_ENUM_CONVERSION = YES;
				CLANG_WARN_INFINITE_RECURSION = YES;
				CLANG_WARN_INT_CONVERSION = YES;
				CLANG_WARN_NON_LITERAL_NULL_CONVERSION = YES;
				CLANG_WARN_OBJC_IMPLICIT_RETAIN_SELF = YES;
				CLANG_WARN_OBJC_LITERAL_CONVERSION = YES;
				CLANG_WARN_OBJC_ROOT_CLASS = YES_ERROR;
				CLANG_WARN_QUOTED_INCLUDE_IN_FRAMEWORK_HEADER = YES;
				CLANG_WARN_RANGE_LOOP_ANALYSIS = YES;
				CLANG_WARN_STRICT_PROTOTYPES = YES;
				CLANG_WARN_SUSPICIOUS_MOVE = YES;
				CLANG_WARN_UNGUARDED_AVAILABILITY = YES_AGGRESSIVE;
				CLANG_WARN_UNREACHABLE_CODE = YES;
				CLANG_WARN__DUPLICATE_METHOD_MATCH = YES;
				COPY_PHASE_STRIP = NO;
				DEAD_CODE_STRIPPING = YES;
				DEBUG_INFORMATION_FORMAT = dwarf;
				ENABLE_STRICT_OBJC_MSGSEND = YES;
				ENABLE_TESTABILITY = YES;
				ENABLE_USER_SCRIPT_SANDBOXING = NO;
				GCC_C_LANGUAGE_STANDARD = gnu11;
				GCC_DYNAMIC_NO_PIC = NO;
				GCC_NO_COMMON_BLOCKS = YES;
				GCC_OPTIMIZATION_LEVEL = 0;
				GCC_PREPROCESSOR_DEFINITIONS = (
					"$(inherited)",
					"DEBUG=1",
				);
				GCC_WARN_64_TO_32_BIT_CONVERSION = YES;
				GCC_WARN_ABOUT_RETURN_TYPE = YES_ERROR;
				GCC_WARN_UNDECLARED_SELECTOR = YES;
				GCC_WARN_UNINITIALIZED_AUTOS = YES_AGGRESSIVE;
				GCC_WARN_UNUSED_FUNCTION = YES;
				GCC_WARN_UNUSED_VARIABLE = YES;
				LD = "$(TOOLCHAIN_DIR)/usr/bin/clang";
				MACOSX_DEPLOYMENT_TARGET = 15.0;
				MTL_ENABLE_DEBUG_INFO = INCLUDE_SOURCE;
				MTL_FAST_MATH = YES;
				ONLY_ACTIVE_ARCH = YES;
				PRODUCT_NAME = "$(TARGET_NAME)";
				SDKROOT = macosx;
				SWIFT_ACTIVE_COMPILATION_CONDITIONS = DEBUG;
				SWIFT_OPTIMIZATION_LEVEL = "-Onone";
				SWIFT_STRICT_CONCURRENCY = complete;
				SWIFT_VERSION = 6.0;
			};
			name = Debug;
		};
		A16827226547A5E2ADAD5AFA /* Release */ = {
			isa = XCBuildConfiguration;
			buildSettings = {
				ASSETCATALOG_COMPILER_APPICON_NAME = AppIcon;
				CODE_SIGN_ENTITLEMENTS = App/smoovmux.entitlements;
				CODE_SIGN_STYLE = Automatic;
				COMBINE_HIDPI_IMAGES = YES;
				ENABLE_HARDENED_RUNTIME = YES;
				FRAMEWORK_SEARCH_PATHS = (
					"$(inherited)",
					"$(SRCROOT)",
					"\".\"",
				);
				INFOPLIST_FILE = App/Info.plist;
				LD_RUNPATH_SEARCH_PATHS = (
					"$(inherited)",
					"@executable_path/../Frameworks",
				);
				OTHER_LDFLAGS = "-lstdc++";
				PRODUCT_BUNDLE_IDENTIFIER = pw.dbu.smoovmux;
				PRODUCT_NAME = smoovmux;
				SDKROOT = macosx;
			};
			name = Release;
		};
		BB0E81BDDA8D2AD27C606B57 /* Release */ = {
			isa = XCBuildConfiguration;
			buildSettings = {
				ALWAYS_SEARCH_USER_PATHS = NO;
				CLANG_ANALYZER_NONNULL = YES;
				CLANG_ANALYZER_NUMBER_OBJECT_CONVERSION = YES_AGGRESSIVE;
				CLANG_CXX_LANGUAGE_STANDARD = "gnu++14";
				CLANG_CXX_LIBRARY = "libc++";
				CLANG_ENABLE_MODULES = YES;
				CLANG_ENABLE_OBJC_ARC = YES;
				CLANG_ENABLE_OBJC_WEAK = YES;
				CLANG_WARN_BLOCK_CAPTURE_AUTORELEASING = YES;
				CLANG_WARN_BOOL_CONVERSION = YES;
				CLANG_WARN_COMMA = YES;
				CLANG_WARN_CONSTANT_CONVERSION = YES;
				CLANG_WARN_DEPRECATED_OBJC_IMPLEMENTATIONS = YES;
				CLANG_WARN_DIRECT_OBJC_ISA_USAGE = YES_ERROR;
				CLANG_WARN_DOCUMENTATION_COMMENTS = YES;
				CLANG_WARN_EMPTY_BODY = YES;
				CLANG_WARN_ENUM_CONVERSION = YES;
				CLANG_WARN_INFINITE_RECURSION = YES;
				CLANG_WARN_INT_CONVERSION = YES;
				CLANG_WARN_NON_LITERAL_NULL_CONVERSION = YES;
				CLANG_WARN_OBJC_IMPLICIT_RETAIN_SELF = YES;
				CLANG_WARN_OBJC_LITERAL_CONVERSION = YES;
				CLANG_WARN_OBJC_ROOT_CLASS = YES_ERROR;
				CLANG_WARN_QUOTED_INCLUDE_IN_FRAMEWORK_HEADER = YES;
				CLANG_WARN_RANGE_LOOP_ANALYSIS = YES;
				CLANG_WARN_STRICT_PROTOTYPES = YES;
				CLANG_WARN_SUSPICIOUS_MOVE = YES;
				CLANG_WARN_UNGUARDED_AVAILABILITY = YES_AGGRESSIVE;
				CLANG_WARN_UNREACHABLE_CODE = YES;
				CLANG_WARN__DUPLICATE_METHOD_MATCH = YES;
				COPY_PHASE_STRIP = NO;
				DEAD_CODE_STRIPPING = YES;
				DEBUG_INFORMATION_FORMAT = "dwarf-with-dsym";
				ENABLE_NS_ASSERTIONS = NO;
				ENABLE_STRICT_OBJC_MSGSEND = YES;
				ENABLE_USER_SCRIPT_SANDBOXING = NO;
				GCC_C_LANGUAGE_STANDARD = gnu11;
				GCC_NO_COMMON_BLOCKS = YES;
				GCC_WARN_64_TO_32_BIT_CONVERSION = YES;
				GCC_WARN_ABOUT_RETURN_TYPE = YES_ERROR;
				GCC_WARN_UNDECLARED_SELECTOR = YES;
				GCC_WARN_UNINITIALIZED_AUTOS = YES_AGGRESSIVE;
				GCC_WARN_UNUSED_FUNCTION = YES;
				GCC_WARN_UNUSED_VARIABLE = YES;
				LD = "$(TOOLCHAIN_DIR)/usr/bin/clang";
				MACOSX_DEPLOYMENT_TARGET = 15.0;
				MTL_ENABLE_DEBUG_INFO = NO;
				MTL_FAST_MATH = YES;
				PRODUCT_NAME = "$(TARGET_NAME)";
				SDKROOT = macosx;
				SWIFT_COMPILATION_MODE = wholemodule;
				SWIFT_OPTIMIZATION_LEVEL = "-O";
				SWIFT_STRICT_CONCURRENCY = complete;
				SWIFT_VERSION = 6.0;
			};
			name = Release;
		};
		CD3325E5D78F6D26C8B8399B /* Debug */ = {
			isa = XCBuildConfiguration;
			buildSettings = {
				ASSETCATALOG_COMPILER_APPICON_NAME = AppIcon;
				CODE_SIGN_ENTITLEMENTS = App/smoovmux.entitlements;
				CODE_SIGN_STYLE = Automatic;
				COMBINE_HIDPI_IMAGES = YES;
				ENABLE_HARDENED_RUNTIME = YES;
				FRAMEWORK_SEARCH_PATHS = (
					"$(inherited)",
					"$(SRCROOT)",
					"\".\"",
				);
				INFOPLIST_FILE = App/Info.plist;
				LD_RUNPATH_SEARCH_PATHS = (
					"$(inherited)",
					"@executable_path/../Frameworks",
				);
				OTHER_LDFLAGS = "-lstdc++";
				PRODUCT_BUNDLE_IDENTIFIER = pw.dbu.smoovmux;
				PRODUCT_NAME = smoovmux;
				SDKROOT = macosx;
			};
			name = Debug;
		};
/* End XCBuildConfiguration section */

/* Begin XCConfigurationList section */
		8DC0DD1E2B73B25756E89695 /* Build configuration list for PBXProject "smoovmux" */ = {
			isa = XCConfigurationList;
			buildConfigurations = (
				17D3C3E69F2B2AC453E1E6E7 /* Debug */,
				BB0E81BDDA8D2AD27C606B57 /* Release */,
			);
			defaultConfigurationIsVisible = 0;
			defaultConfigurationName = Debug;
		};
		C476F8A285A64E36AB42C5B5 /* Build configuration list for PBXNativeTarget "smoovmux" */ = {
			isa = XCConfigurationList;
			buildConfigurations = (
				CD3325E5D78F6D26C8B8399B /* Debug */,
				A16827226547A5E2ADAD5AFA /* Release */,
			);
			defaultConfigurationIsVisible = 0;
			defaultConfigurationName = Debug;
		};
/* End XCConfigurationList section */

/* Begin XCLocalSwiftPackageReference section */
		1DB68EFA7DD16986347FE48A /* XCLocalSwiftPackageReference "." */ = {
			isa = XCLocalSwiftPackageReference;
			relativePath = .;
		};
/* End XCLocalSwiftPackageReference section */

/* Begin XCSwiftPackageProductDependency section */
		1B5CAD7542000F8E9352D199 /* SessionCore */ = {
			isa = XCSwiftPackageProductDependency;
			productName = SessionCore;
		};
		526523EBF3DF01E3C2284662 /* PaneLauncher */ = {
			isa = XCSwiftPackageProductDependency;
			productName = PaneLauncher;
		};
		5D354A3035840860E55054C3 /* WorkspacePanes */ = {
			isa = XCSwiftPackageProductDependency;
			productName = WorkspacePanes;
		};
		9340354FEEEACC7329FCCD20 /* WorkspaceState */ = {
			isa = XCSwiftPackageProductDependency;
			productName = WorkspaceState;
		};
		A2192B250ECC3800246E5450 /* SmoovAppCommands */ = {
			isa = XCSwiftPackageProductDependency;
			productName = SmoovAppCommands;
		};
		C148F9B0BDE089FA4EA495BC /* WorkspaceTabs */ = {
			isa = XCSwiftPackageProductDependency;
			productName = WorkspaceTabs;
		};
		C67CFDE7E11DB034CD808C94 /* SmoovLog */ = {
			isa = XCSwiftPackageProductDependency;
			productName = SmoovLog;
		};
/* End XCSwiftPackageProductDependency section */
	};
	rootObject = 6DB4F95B5133EFA021116D7B /* Project object */;
}
