// !$*UTF8*$!
{
	archiveVersion = 1;
	classes = {
	};
	objectVersion = 77;
	objects = {

/* Begin PBXBuildFile section */
		04541042F412C7116BC2F981 /* TmuxCC in Frameworks */ = {isa = PBXBuildFile; productRef = A886712DBF464A5C79DD0260 /* TmuxCC */; };
		04A8EBB7C796280380798B59 /* NSEvent+Ghostty.swift in Sources */ = {isa = PBXBuildFile; fileRef = F91C8E0BEB275F8650373472 /* NSEvent+Ghostty.swift */; };
		088804B6B7809B7574993ABE /* main.swift in Sources */ = {isa = PBXBuildFile; fileRef = 23F2DE025A511DFC3351B11E /* main.swift */; };
		21C5190A2C7AB642B60327D9 /* SmoovLog in Frameworks */ = {isa = PBXBuildFile; productRef = C67CFDE7E11DB034CD808C94 /* SmoovLog */; };
		4798649405F880A07E6FCF35 /* PaneRelay in Frameworks */ = {isa = PBXBuildFile; productRef = 4F0FDDE3BBB4CB5BEB3303A7 /* PaneRelay */; };
		4A37C4B3BDE4736C825840FF /* main.swift in Sources */ = {isa = PBXBuildFile; fileRef = 1DB80B20AABBD86DA6657B3C /* main.swift */; };
		4BB46980230B71A09302305D /* Carbon.framework in Frameworks */ = {isa = PBXBuildFile; fileRef = 26B555E1A92393E1C7D3FEDE /* Carbon.framework */; };
		4D89F516D62BB4531F0D911F /* MainWindowController.swift in Sources */ = {isa = PBXBuildFile; fileRef = CEFAE5F61A7840DF7F231E72 /* MainWindowController.swift */; };
		53C38D1C088C7DF34D849E95 /* GhosttyApp.swift in Sources */ = {isa = PBXBuildFile; fileRef = E768C10F9BF963CAF5FD8A87 /* GhosttyApp.swift */; };
		59555B820EC2FF2F399A57B4 /* Assets.xcassets in Resources */ = {isa = PBXBuildFile; fileRef = 70F05D4065051D622312AB53 /* Assets.xcassets */; };
		5A3B5EDCD95A29AD63AA679F /* PaneController.swift in Sources */ = {isa = PBXBuildFile; fileRef = C07F05AE7F0D5E97754CA401 /* PaneController.swift */; };
		63573138A6376637B5EE44A0 /* Localizable.xcstrings in Resources */ = {isa = PBXBuildFile; fileRef = 1BB998E91F1E33B1E764BF89 /* Localizable.xcstrings */; };
		67338F2FD0E0CBC63C117140 /* SmoovSurfaceView.swift in Sources */ = {isa = PBXBuildFile; fileRef = D9E9D96E7824555162000FC0 /* SmoovSurfaceView.swift */; };
		AD51997106A6624DEAD67F35 /* GhosttyKit.xcframework in Frameworks */ = {isa = PBXBuildFile; fileRef = 0480CF2F04AE337376E78B18 /* GhosttyKit.xcframework */; };
		D65A196FEE9FE6DD6AC34523 /* SessionCore in Frameworks */ = {isa = PBXBuildFile; productRef = 1B5CAD7542000F8E9352D199 /* SessionCore */; };
		DB10669A721421713680BAB6 /* AppDelegate.swift in Sources */ = {isa = PBXBuildFile; fileRef = AB9B644CDC70F26A3A3319F6 /* AppDelegate.swift */; };
		EBEA37A1B8042887DBA55A19 /* BUILD.md in Resources */ = {isa = PBXBuildFile; fileRef = BAF5A06608F20F46AC17F4BE /* BUILD.md */; };
/* End PBXBuildFile section */

/* Begin PBXContainerItemProxy section */
		166453A8E992B2CB199F8997 /* PBXContainerItemProxy */ = {
			isa = PBXContainerItemProxy;
			containerPortal = 6DB4F95B5133EFA021116D7B /* Project object */;
			proxyType = 1;
			remoteGlobalIDString = 01222EEB278BB46C6439409C;
			remoteInfo = "smoovmux-relay";
		};
/* End PBXContainerItemProxy section */

/* Begin PBXFileReference section */
		0480CF2F04AE337376E78B18 /* GhosttyKit.xcframework */ = {isa = PBXFileReference; lastKnownFileType = wrapper.xcframework; path = GhosttyKit.xcframework; sourceTree = "<group>"; };
		1BB998E91F1E33B1E764BF89 /* Localizable.xcstrings */ = {isa = PBXFileReference; lastKnownFileType = text.json.xcstrings; path = Localizable.xcstrings; sourceTree = "<group>"; };
		1DB80B20AABBD86DA6657B3C /* main.swift */ = {isa = PBXFileReference; lastKnownFileType = sourcecode.swift; path = main.swift; sourceTree = "<group>"; };
		23F2DE025A511DFC3351B11E /* main.swift */ = {isa = PBXFileReference; lastKnownFileType = sourcecode.swift; path = main.swift; sourceTree = "<group>"; };
		26B555E1A92393E1C7D3FEDE /* Carbon.framework */ = {isa = PBXFileReference; lastKnownFileType = wrapper.framework; name = Carbon.framework; path = System/Library/Frameworks/Carbon.framework; sourceTree = SDKROOT; };
		46643F458905F0387368280A /* Info.plist */ = {isa = PBXFileReference; lastKnownFileType = text.plist; path = Info.plist; sourceTree = "<group>"; };
		5CB327DF10D0BD2E41F28DCF /* VERSION */ = {isa = PBXFileReference; path = VERSION; sourceTree = "<group>"; };
		70F05D4065051D622312AB53 /* Assets.xcassets */ = {isa = PBXFileReference; lastKnownFileType = folder.assetcatalog; path = Assets.xcassets; sourceTree = "<group>"; };
		9758DEFEA328AD5E5C57428F /* smoovmux */ = {isa = PBXFileReference; lastKnownFileType = folder; name = smoovmux; path = .; sourceTree = SOURCE_ROOT; };
		AB9B644CDC70F26A3A3319F6 /* AppDelegate.swift */ = {isa = PBXFileReference; lastKnownFileType = sourcecode.swift; path = AppDelegate.swift; sourceTree = "<group>"; };
		BAF5A06608F20F46AC17F4BE /* BUILD.md */ = {isa = PBXFileReference; lastKnownFileType = net.daringfireball.markdown; path = BUILD.md; sourceTree = "<group>"; };
		C07F05AE7F0D5E97754CA401 /* PaneController.swift */ = {isa = PBXFileReference; lastKnownFileType = sourcecode.swift; path = PaneController.swift; sourceTree = "<group>"; };
		C1F58686A477BFEB5A1650F6 /* smoovmux.entitlements */ = {isa = PBXFileReference; lastKnownFileType = text.plist.entitlements; path = smoovmux.entitlements; sourceTree = "<group>"; };
		CEFAE5F61A7840DF7F231E72 /* MainWindowController.swift */ = {isa = PBXFileReference; lastKnownFileType = sourcecode.swift; path = MainWindowController.swift; sourceTree = "<group>"; };
		D97BD811858CDE6DC4B33BAE /* smoovmux-relay */ = {isa = PBXFileReference; includeInIndex = 0; path = "smoovmux-relay"; sourceTree = BUILT_PRODUCTS_DIR; };
		D9E9D96E7824555162000FC0 /* SmoovSurfaceView.swift */ = {isa = PBXFileReference; lastKnownFileType = sourcecode.swift; path = SmoovSurfaceView.swift; sourceTree = "<group>"; };
		DB76D584605BF7115F83F772 /* tmux */ = {isa = PBXFileReference; path = tmux; sourceTree = "<group>"; };
		DC63E64743C627EDCB408ABF /* smoovmux.app */ = {isa = PBXFileReference; explicitFileType = wrapper.application; includeInIndex = 0; path = smoovmux.app; sourceTree = BUILT_PRODUCTS_DIR; };
		E768C10F9BF963CAF5FD8A87 /* GhosttyApp.swift */ = {isa = PBXFileReference; lastKnownFileType = sourcecode.swift; path = GhosttyApp.swift; sourceTree = "<group>"; };
		F91C8E0BEB275F8650373472 /* NSEvent+Ghostty.swift */ = {isa = PBXFileReference; lastKnownFileType = sourcecode.swift; path = "NSEvent+Ghostty.swift"; sourceTree = "<group>"; };
/* End PBXFileReference section */

/* Begin PBXFrameworksBuildPhase section */
		C6A46CB9FDED27EE0744E08B /* Frameworks */ = {
			isa = PBXFrameworksBuildPhase;
			buildActionMask = 2147483647;
			files = (
				04541042F412C7116BC2F981 /* TmuxCC in Frameworks */,
				D65A196FEE9FE6DD6AC34523 /* SessionCore in Frameworks */,
				21C5190A2C7AB642B60327D9 /* SmoovLog in Frameworks */,
				4798649405F880A07E6FCF35 /* PaneRelay in Frameworks */,
				AD51997106A6624DEAD67F35 /* GhosttyKit.xcframework in Frameworks */,
				4BB46980230B71A09302305D /* Carbon.framework in Frameworks */,
			);
			runOnlyForDeploymentPostprocessing = 0;
		};
/* End PBXFrameworksBuildPhase section */

/* Begin PBXGroup section */
		2C53EF9757E593BE1886D7AF = {
			isa = PBXGroup;
			children = (
				39C35CFFEAA852CAB73706CC /* App */,
				614592A606C3589291D162A2 /* Packages */,
				6EF504CC696E163B8B11DAD3 /* Sources */,
				BC36BC9E6F6CE23E33581F9D /* Frameworks */,
				F0B5A17B1ADBC3BF39355679 /* Products */,
			);
			sourceTree = "<group>";
		};
		39C35CFFEAA852CAB73706CC /* App */ = {
			isa = PBXGroup;
			children = (
				AB9B644CDC70F26A3A3319F6 /* AppDelegate.swift */,
				70F05D4065051D622312AB53 /* Assets.xcassets */,
				E768C10F9BF963CAF5FD8A87 /* GhosttyApp.swift */,
				46643F458905F0387368280A /* Info.plist */,
				1BB998E91F1E33B1E764BF89 /* Localizable.xcstrings */,
				23F2DE025A511DFC3351B11E /* main.swift */,
				CEFAE5F61A7840DF7F231E72 /* MainWindowController.swift */,
				F91C8E0BEB275F8650373472 /* NSEvent+Ghostty.swift */,
				C07F05AE7F0D5E97754CA401 /* PaneController.swift */,
				C1F58686A477BFEB5A1650F6 /* smoovmux.entitlements */,
				D9E9D96E7824555162000FC0 /* SmoovSurfaceView.swift */,
				A1009FD83126F6E43EE599D4 /* Resources */,
			);
			path = App;
			sourceTree = "<group>";
		};
		614592A606C3589291D162A2 /* Packages */ = {
			isa = PBXGroup;
			children = (
				9758DEFEA328AD5E5C57428F /* smoovmux */,
			);
			name = Packages;
			sourceTree = "<group>";
		};
		6EF504CC696E163B8B11DAD3 /* Sources */ = {
			isa = PBXGroup;
			children = (
				B66759D523546F83BBB283BE /* smoovmux-relay */,
			);
			path = Sources;
			sourceTree = "<group>";
		};
		7F3A5A5C84B8D68ACB4F1CE8 /* bin */ = {
			isa = PBXGroup;
			children = (
				BAF5A06608F20F46AC17F4BE /* BUILD.md */,
				DB76D584605BF7115F83F772 /* tmux */,
				5CB327DF10D0BD2E41F28DCF /* VERSION */,
			);
			path = bin;
			sourceTree = "<group>";
		};
		A1009FD83126F6E43EE599D4 /* Resources */ = {
			isa = PBXGroup;
			children = (
				7F3A5A5C84B8D68ACB4F1CE8 /* bin */,
			);
			path = Resources;
			sourceTree = "<group>";
		};
		B66759D523546F83BBB283BE /* smoovmux-relay */ = {
			isa = PBXGroup;
			children = (
				1DB80B20AABBD86DA6657B3C /* main.swift */,
			);
			path = "smoovmux-relay";
			sourceTree = "<group>";
		};
		BC36BC9E6F6CE23E33581F9D /* Frameworks */ = {
			isa = PBXGroup;
			children = (
				26B555E1A92393E1C7D3FEDE /* Carbon.framework */,
				0480CF2F04AE337376E78B18 /* GhosttyKit.xcframework */,
			);
			name = Frameworks;
			sourceTree = "<group>";
		};
		F0B5A17B1ADBC3BF39355679 /* Products */ = {
			isa = PBXGroup;
			children = (
				D97BD811858CDE6DC4B33BAE /* smoovmux-relay */,
				DC63E64743C627EDCB408ABF /* smoovmux.app */,
			);
			name = Products;
			sourceTree = "<group>";
		};
/* End PBXGroup section */

/* Begin PBXNativeTarget section */
		01222EEB278BB46C6439409C /* smoovmux-relay */ = {
			isa = PBXNativeTarget;
			buildConfigurationList = E21F70E34D4C9F64821C7816 /* Build configuration list for PBXNativeTarget "smoovmux-relay" */;
			buildPhases = (
				25A7990286C10D14850C033B /* Sources */,
			);
			buildRules = (
			);
			dependencies = (
			);
			name = "smoovmux-relay";
			packageProductDependencies = (
			);
			productName = "smoovmux-relay";
			productReference = D97BD811858CDE6DC4B33BAE /* smoovmux-relay */;
			productType = "com.apple.product-type.tool";
		};
		22C886BEE57EF7583B7C997F /* smoovmux */ = {
			isa = PBXNativeTarget;
			buildConfigurationList = C476F8A285A64E36AB42C5B5 /* Build configuration list for PBXNativeTarget "smoovmux" */;
			buildPhases = (
				6EBFA17F46021DE654015CEE /* Sources */,
				F2BDE8C39BB7E78AA860F50B /* Resources */,
				C6A46CB9FDED27EE0744E08B /* Frameworks */,
				C78110D485EA9CAFE9A7A8B4 /* Embed Contents/Resources/bin */,
			);
			buildRules = (
			);
			dependencies = (
				11905A3322A197ED75C38EEB /* PBXTargetDependency */,
			);
			name = smoovmux;
			packageProductDependencies = (
				A886712DBF464A5C79DD0260 /* TmuxCC */,
				1B5CAD7542000F8E9352D199 /* SessionCore */,
				C67CFDE7E11DB034CD808C94 /* SmoovLog */,
				4F0FDDE3BBB4CB5BEB3303A7 /* PaneRelay */,
			);
			productName = smoovmux;
			productReference = DC63E64743C627EDCB408ABF /* smoovmux.app */;
			productType = "com.apple.product-type.application";
		};
/* End PBXNativeTarget section */

/* Begin PBXProject section */
		6DB4F95B5133EFA021116D7B /* Project object */ = {
			isa = PBXProject;
			attributes = {
				BuildIndependentTargetsInParallel = YES;
				LastUpgradeCheck = 1430;
				TargetAttributes = {
					01222EEB278BB46C6439409C = {
						ProvisioningStyle = Automatic;
					};
					22C886BEE57EF7583B7C997F = {
						ProvisioningStyle = Automatic;
					};
				};
			};
			buildConfigurationList = 8DC0DD1E2B73B25756E89695 /* Build configuration list for PBXProject "smoovmux" */;
			compatibilityVersion = "Xcode 14.0";
			developmentRegion = en;
			hasScannedForEncodings = 0;
			knownRegions = (
				Base,
				en,
			);
			mainGroup = 2C53EF9757E593BE1886D7AF;
			minimizedProjectReferenceProxies = 1;
			packageReferences = (
				1DB68EFA7DD16986347FE48A /* XCLocalSwiftPackageReference "." */,
			);
			preferredProjectObjectVersion = 77;
			projectDirPath = "";
			projectRoot = "";
			targets = (
				22C886BEE57EF7583B7C997F /* smoovmux */,
				01222EEB278BB46C6439409C /* smoovmux-relay */,
			);
		};
/* End PBXProject section */

/* Begin PBXResourcesBuildPhase section */
		F2BDE8C39BB7E78AA860F50B /* Resources */ = {
			isa = PBXResourcesBuildPhase;
			buildActionMask = 2147483647;
			files = (
				59555B820EC2FF2F399A57B4 /* Assets.xcassets in Resources */,
				EBEA37A1B8042887DBA55A19 /* BUILD.md in Resources */,
				63573138A6376637B5EE44A0 /* Localizable.xcstrings in Resources */,
			);
			runOnlyForDeploymentPostprocessing = 0;
		};
/* End PBXResourcesBuildPhase section */

/* Begin PBXShellScriptBuildPhase section */
		C78110D485EA9CAFE9A7A8B4 /* Embed Contents/Resources/bin */ = {
			isa = PBXShellScriptBuildPhase;
			buildActionMask = 2147483647;
			files = (
			);
			inputFileListPaths = (
			);
			inputPaths = (
				"$(SRCROOT)/App/Resources/bin/tmux",
				"$(SRCROOT)/App/Resources/bin/VERSION",
				"$(BUILT_PRODUCTS_DIR)/smoovmux-relay",
			);
			name = "Embed Contents/Resources/bin";
			outputFileListPaths = (
			);
			outputPaths = (
				"$(TARGET_BUILD_DIR)/$(WRAPPER_NAME)/Contents/Resources/bin/tmux",
				"$(TARGET_BUILD_DIR)/$(WRAPPER_NAME)/Contents/Resources/bin/VERSION",
				"$(TARGET_BUILD_DIR)/$(WRAPPER_NAME)/Contents/Resources/bin/smoovmux-relay",
			);
			runOnlyForDeploymentPostprocessing = 0;
			shellPath = /bin/sh;
			shellScript = "set -euo pipefail\nSRC_DIR=\"${SRCROOT}/App/Resources/bin\"\nDEST_DIR=\"${TARGET_BUILD_DIR}/${WRAPPER_NAME}/Contents/Resources/bin\"\nmkdir -p \"$DEST_DIR\"\ncp \"$SRC_DIR/tmux\" \"$DEST_DIR/tmux\"\ncp \"$SRC_DIR/VERSION\" \"$DEST_DIR/VERSION\"\ncp \"${BUILT_PRODUCTS_DIR}/smoovmux-relay\" \"$DEST_DIR/smoovmux-relay\"\ncodesign --force --sign - \"$DEST_DIR/smoovmux-relay\"\n";
		};
/* End PBXShellScriptBuildPhase section */

/* Begin PBXSourcesBuildPhase section */
		25A7990286C10D14850C033B /* Sources */ = {
			isa = PBXSourcesBuildPhase;
			buildActionMask = 2147483647;
			files = (
				4A37C4B3BDE4736C825840FF /* main.swift in Sources */,
			);
			runOnlyForDeploymentPostprocessing = 0;
		};
		6EBFA17F46021DE654015CEE /* Sources */ = {
			isa = PBXSourcesBuildPhase;
			buildActionMask = 2147483647;
			files = (
				DB10669A721421713680BAB6 /* AppDelegate.swift in Sources */,
				53C38D1C088C7DF34D849E95 /* GhosttyApp.swift in Sources */,
				4D89F516D62BB4531F0D911F /* MainWindowController.swift in Sources */,
				04A8EBB7C796280380798B59 /* NSEvent+Ghostty.swift in Sources */,
				5A3B5EDCD95A29AD63AA679F /* PaneController.swift in Sources */,
				67338F2FD0E0CBC63C117140 /* SmoovSurfaceView.swift in Sources */,
				088804B6B7809B7574993ABE /* main.swift in Sources */,
			);
			runOnlyForDeploymentPostprocessing = 0;
		};
/* End PBXSourcesBuildPhase section */

/* Begin PBXTargetDependency section */
		11905A3322A197ED75C38EEB /* PBXTargetDependency */ = {
			isa = PBXTargetDependency;
			target = 01222EEB278BB46C6439409C /* smoovmux-relay */;
			targetProxy = 166453A8E992B2CB199F8997 /* PBXContainerItemProxy */;
		};
/* End PBXTargetDependency section */

/* Begin XCBuildConfiguration section */
		17D3C3E69F2B2AC453E1E6E7 /* Debug */ = {
			isa = XCBuildConfiguration;
			buildSettings = {
				ALWAYS_SEARCH_USER_PATHS = NO;
				CLANG_ANALYZER_NONNULL = YES;
				CLANG_ANALYZER_NUMBER_OBJECT_CONVERSION = YES_AGGRESSIVE;
				CLANG_CXX_LANGUAGE_STANDARD = "gnu++14";
				CLANG_CXX_LIBRARY = "libc++";
				CLANG_ENABLE_MODULES = YES;
				CLANG_ENABLE_OBJC_ARC = YES;
				CLANG_ENABLE_OBJC_WEAK = YES;
				CLANG_WARN_BLOCK_CAPTURE_AUTORELEASING = YES;
				CLANG_WARN_BOOL_CONVERSION = YES;
				CLANG_WARN_COMMA = YES;
				CLANG_WARN_CONSTANT_CONVERSION = YES;
				CLANG_WARN_DEPRECATED_OBJC_IMPLEMENTATIONS = YES;
				CLANG_WARN_DIRECT_OBJC_ISA_USAGE = YES_ERROR;
				CLANG_WARN_DOCUMENTATION_COMMENTS = YES;
				CLANG_WARN_EMPTY_BODY = YES;
				CLANG_WARN_ENUM_CONVERSION = YES;
				CLANG_WARN_INFINITE_RECURSION = YES;
				CLANG_WARN_INT_CONVERSION = YES;
				CLANG_WARN_NON_LITERAL_NULL_CONVERSION = YES;
				CLANG_WARN_OBJC_IMPLICIT_RETAIN_SELF = YES;
				CLANG_WARN_OBJC_LITERAL_CONVERSION = YES;
				CLANG_WARN_OBJC_ROOT_CLASS = YES_ERROR;
				CLANG_WARN_QUOTED_INCLUDE_IN_FRAMEWORK_HEADER = YES;
				CLANG_WARN_RANGE_LOOP_ANALYSIS = YES;
				CLANG_WARN_STRICT_PROTOTYPES = YES;
				CLANG_WARN_SUSPICIOUS_MOVE = YES;
				CLANG_WARN_UNGUARDED_AVAILABILITY = YES_AGGRESSIVE;
				CLANG_WARN_UNREACHABLE_CODE = YES;
				CLANG_WARN__DUPLICATE_METHOD_MATCH = YES;
				COPY_PHASE_STRIP = NO;
				DEAD_CODE_STRIPPING = YES;
				DEBUG_INFORMATION_FORMAT = dwarf;
				ENABLE_STRICT_OBJC_MSGSEND = YES;
				ENABLE_TESTABILITY = YES;
				ENABLE_USER_SCRIPT_SANDBOXING = NO;
				GCC_C_LANGUAGE_STANDARD = gnu11;
				GCC_DYNAMIC_NO_PIC = NO;
				GCC_NO_COMMON_BLOCKS = YES;
				GCC_OPTIMIZATION_LEVEL = 0;
				GCC_PREPROCESSOR_DEFINITIONS = (
					"$(inherited)",
					"DEBUG=1",
				);
				GCC_WARN_64_TO_32_BIT_CONVERSION = YES;
				GCC_WARN_ABOUT_RETURN_TYPE = YES_ERROR;
				GCC_WARN_UNDECLARED_SELECTOR = YES;
				GCC_WARN_UNINITIALIZED_AUTOS = YES_AGGRESSIVE;
				GCC_WARN_UNUSED_FUNCTION = YES;
				GCC_WARN_UNUSED_VARIABLE = YES;
				LD = "$(TOOLCHAIN_DIR)/usr/bin/clang";
				MACOSX_DEPLOYMENT_TARGET = 15.0;
				MTL_ENABLE_DEBUG_INFO = INCLUDE_SOURCE;
				MTL_FAST_MATH = YES;
				ONLY_ACTIVE_ARCH = YES;
				PRODUCT_NAME = "$(TARGET_NAME)";
				SDKROOT = macosx;
				SWIFT_ACTIVE_COMPILATION_CONDITIONS = DEBUG;
				SWIFT_OPTIMIZATION_LEVEL = "-Onone";
				SWIFT_STRICT_CONCURRENCY = complete;
				SWIFT_VERSION = 6.0;
			};
			name = Debug;
		};
		60E59C07B8B5AD17C2265D45 /* Debug */ = {
			isa = XCBuildConfiguration;
			buildSettings = {
				CODE_SIGN_STYLE = Automatic;
				COMBINE_HIDPI_IMAGES = YES;
				ENABLE_HARDENED_RUNTIME = NO;
				LD_RUNPATH_SEARCH_PATHS = (
					"$(inherited)",
					"@executable_path/../Frameworks",
				);
				PRODUCT_BUNDLE_IDENTIFIER = "pw.dbu.smoovmux-relay";
				PRODUCT_NAME = "smoovmux-relay";
				SDKROOT = macosx;
				SKIP_INSTALL = YES;
			};
			name = Debug;
		};
		A16827226547A5E2ADAD5AFA /* Release */ = {
			isa = XCBuildConfiguration;
			buildSettings = {
				ASSETCATALOG_COMPILER_APPICON_NAME = AppIcon;
				CODE_SIGN_ENTITLEMENTS = App/smoovmux.entitlements;
				CODE_SIGN_STYLE = Automatic;
				COMBINE_HIDPI_IMAGES = YES;
				ENABLE_HARDENED_RUNTIME = YES;
				FRAMEWORK_SEARCH_PATHS = (
					"$(inherited)",
					"$(SRCROOT)",
					"\".\"",
				);
				INFOPLIST_FILE = App/Info.plist;
				LD_RUNPATH_SEARCH_PATHS = (
					"$(inherited)",
					"@executable_path/../Frameworks",
				);
				OTHER_LDFLAGS = "-lstdc++";
				PRODUCT_BUNDLE_IDENTIFIER = pw.dbu.smoovmux;
				PRODUCT_NAME = smoovmux;
				SDKROOT = macosx;
			};
			name = Release;
		};
		BB0E81BDDA8D2AD27C606B57 /* Release */ = {
			isa = XCBuildConfiguration;
			buildSettings = {
				ALWAYS_SEARCH_USER_PATHS = NO;
				CLANG_ANALYZER_NONNULL = YES;
				CLANG_ANALYZER_NUMBER_OBJECT_CONVERSION = YES_AGGRESSIVE;
				CLANG_CXX_LANGUAGE_STANDARD = "gnu++14";
				CLANG_CXX_LIBRARY = "libc++";
				CLANG_ENABLE_MODULES = YES;
				CLANG_ENABLE_OBJC_ARC = YES;
				CLANG_ENABLE_OBJC_WEAK = YES;
				CLANG_WARN_BLOCK_CAPTURE_AUTORELEASING = YES;
				CLANG_WARN_BOOL_CONVERSION = YES;
				CLANG_WARN_COMMA = YES;
				CLANG_WARN_CONSTANT_CONVERSION = YES;
				CLANG_WARN_DEPRECATED_OBJC_IMPLEMENTATIONS = YES;
				CLANG_WARN_DIRECT_OBJC_ISA_USAGE = YES_ERROR;
				CLANG_WARN_DOCUMENTATION_COMMENTS = YES;
				CLANG_WARN_EMPTY_BODY = YES;
				CLANG_WARN_ENUM_CONVERSION = YES;
				CLANG_WARN_INFINITE_RECURSION = YES;
				CLANG_WARN_INT_CONVERSION = YES;
				CLANG_WARN_NON_LITERAL_NULL_CONVERSION = YES;
				CLANG_WARN_OBJC_IMPLICIT_RETAIN_SELF = YES;
				CLANG_WARN_OBJC_LITERAL_CONVERSION = YES;
				CLANG_WARN_OBJC_ROOT_CLASS = YES_ERROR;
				CLANG_WARN_QUOTED_INCLUDE_IN_FRAMEWORK_HEADER = YES;
				CLANG_WARN_RANGE_LOOP_ANALYSIS = YES;
				CLANG_WARN_STRICT_PROTOTYPES = YES;
				CLANG_WARN_SUSPICIOUS_MOVE = YES;
				CLANG_WARN_UNGUARDED_AVAILABILITY = YES_AGGRESSIVE;
				CLANG_WARN_UNREACHABLE_CODE = YES;
				CLANG_WARN__DUPLICATE_METHOD_MATCH = YES;
				COPY_PHASE_STRIP = NO;
				DEAD_CODE_STRIPPING = YES;
				DEBUG_INFORMATION_FORMAT = "dwarf-with-dsym";
				ENABLE_NS_ASSERTIONS = NO;
				ENABLE_STRICT_OBJC_MSGSEND = YES;
				ENABLE_USER_SCRIPT_SANDBOXING = NO;
				GCC_C_LANGUAGE_STANDARD = gnu11;
				GCC_NO_COMMON_BLOCKS = YES;
				GCC_WARN_64_TO_32_BIT_CONVERSION = YES;
				GCC_WARN_ABOUT_RETURN_TYPE = YES_ERROR;
				GCC_WARN_UNDECLARED_SELECTOR = YES;
				GCC_WARN_UNINITIALIZED_AUTOS = YES_AGGRESSIVE;
				GCC_WARN_UNUSED_FUNCTION = YES;
				GCC_WARN_UNUSED_VARIABLE = YES;
				LD = "$(TOOLCHAIN_DIR)/usr/bin/clang";
				MACOSX_DEPLOYMENT_TARGET = 15.0;
				MTL_ENABLE_DEBUG_INFO = NO;
				MTL_FAST_MATH = YES;
				PRODUCT_NAME = "$(TARGET_NAME)";
				SDKROOT = macosx;
				SWIFT_COMPILATION_MODE = wholemodule;
				SWIFT_OPTIMIZATION_LEVEL = "-O";
				SWIFT_STRICT_CONCURRENCY = complete;
				SWIFT_VERSION = 6.0;
			};
			name = Release;
		};
		C79E0673F065F544D1889177 /* Release */ = {
			isa = XCBuildConfiguration;
			buildSettings = {
				CODE_SIGN_STYLE = Automatic;
				COMBINE_HIDPI_IMAGES = YES;
				ENABLE_HARDENED_RUNTIME = NO;
				LD_RUNPATH_SEARCH_PATHS = (
					"$(inherited)",
					"@executable_path/../Frameworks",
				);
				PRODUCT_BUNDLE_IDENTIFIER = "pw.dbu.smoovmux-relay";
				PRODUCT_NAME = "smoovmux-relay";
				SDKROOT = macosx;
				SKIP_INSTALL = YES;
			};
			name = Release;
		};
		CD3325E5D78F6D26C8B8399B /* Debug */ = {
			isa = XCBuildConfiguration;
			buildSettings = {
				ASSETCATALOG_COMPILER_APPICON_NAME = AppIcon;
				CODE_SIGN_ENTITLEMENTS = App/smoovmux.entitlements;
				CODE_SIGN_STYLE = Automatic;
				COMBINE_HIDPI_IMAGES = YES;
				ENABLE_HARDENED_RUNTIME = YES;
				FRAMEWORK_SEARCH_PATHS = (
					"$(inherited)",
					"$(SRCROOT)",
					"\".\"",
				);
				INFOPLIST_FILE = App/Info.plist;
				LD_RUNPATH_SEARCH_PATHS = (
					"$(inherited)",
					"@executable_path/../Frameworks",
				);
				OTHER_LDFLAGS = "-lstdc++";
				PRODUCT_BUNDLE_IDENTIFIER = pw.dbu.smoovmux;
				PRODUCT_NAME = smoovmux;
				SDKROOT = macosx;
			};
			name = Debug;
		};
/* End XCBuildConfiguration section */

/* Begin XCConfigurationList section */
		8DC0DD1E2B73B25756E89695 /* Build configuration list for PBXProject "smoovmux" */ = {
			isa = XCConfigurationList;
			buildConfigurations = (
				17D3C3E69F2B2AC453E1E6E7 /* Debug */,
				BB0E81BDDA8D2AD27C606B57 /* Release */,
			);
			defaultConfigurationIsVisible = 0;
			defaultConfigurationName = Debug;
		};
		C476F8A285A64E36AB42C5B5 /* Build configuration list for PBXNativeTarget "smoovmux" */ = {
			isa = XCConfigurationList;
			buildConfigurations = (
				CD3325E5D78F6D26C8B8399B /* Debug */,
				A16827226547A5E2ADAD5AFA /* Release */,
			);
			defaultConfigurationIsVisible = 0;
			defaultConfigurationName = Debug;
		};
		E21F70E34D4C9F64821C7816 /* Build configuration list for PBXNativeTarget "smoovmux-relay" */ = {
			isa = XCConfigurationList;
			buildConfigurations = (
				60E59C07B8B5AD17C2265D45 /* Debug */,
				C79E0673F065F544D1889177 /* Release */,
			);
			defaultConfigurationIsVisible = 0;
			defaultConfigurationName = Debug;
		};
/* End XCConfigurationList section */

/* Begin XCLocalSwiftPackageReference section */
		1DB68EFA7DD16986347FE48A /* XCLocalSwiftPackageReference "." */ = {
			isa = XCLocalSwiftPackageReference;
			relativePath = .;
		};
/* End XCLocalSwiftPackageReference section */

/* Begin XCSwiftPackageProductDependency section */
		1B5CAD7542000F8E9352D199 /* SessionCore */ = {
			isa = XCSwiftPackageProductDependency;
			productName = SessionCore;
		};
		4F0FDDE3BBB4CB5BEB3303A7 /* PaneRelay */ = {
			isa = XCSwiftPackageProductDependency;
			productName = PaneRelay;
		};
		A886712DBF464A5C79DD0260 /* TmuxCC */ = {
			isa = XCSwiftPackageProductDependency;
			productName = TmuxCC;
		};
		C67CFDE7E11DB034CD808C94 /* SmoovLog */ = {
			isa = XCSwiftPackageProductDependency;
			productName = SmoovLog;
		};
/* End XCSwiftPackageProductDependency section */
	};
	rootObject = 6DB4F95B5133EFA021116D7B /* Project object */;
}
